
Microsoft Visual Studio Solution File, Format Version 12.00
# Visual Studio 2013
VisualStudioVersion = 12.0.31101.0
MinimumVisualStudioVersion = 10.0.40219.1
Project("{FAE04EC0-301F-11D3-BF4B-00C04F79EFBC}") = "Inches", "Inches\Inches.csproj", "{DCB61F5A-CD67-4CE2-9C2B-5690DAF69B34}"
EndProject
Project("{FAE04EC0-301F-11D3-BF4B-00C04F79EFBC}") = "Use_byte", "Use_byte\Use_byte.csproj", "{E631F431-5BF2-47DC-A10B-DB6D81A3FB11}"
EndProject
Project("{FAE04EC0-301F-11D3-BF4B-00C04F79EFBC}") = "UseDecimal", "UseDecimal\UseDecimal.csproj", "{4DD27154-8A51-4DCE-ABBD-50C89ACABE88}"
EndProject
Project("{FAE04EC0-301F-11D3-BF4B-00C04F79EFBC}") = "Hypot", "Hypot\Hypot.csproj", "{7A7E94EC-5F01-4CDC-8D7D-33D5A428493A}"
EndProject
Project("{FAE04EC0-301F-11D3-BF4B-00C04F79EFBC}") = "BoolDemo", "BoolDemo\BoolDemo.csproj", "{F2F593BA-AE20-463D-A997-FB793ECAF1FB}"
EndProject
Project("{FAE04EC0-301F-11D3-BF4B-00C04F79EFBC}") = "Mars", "Mars\Mars.csproj", "{A3982FF6-A3C9-4220-8DA4-E807E59F73C9}"
EndProject
Project("{FAE04EC0-301F-11D3-BF4B-00C04F79EFBC}") = "StrDemo", "StrDemo\StrDemo.csproj", "{8538590C-0315-4ACF-8A50-02FF1A502CF6}"
EndProject
Project("{FAE04EC0-301F-11D3-BF4B-00C04F79EFBC}") = "Verbatim", "Verbatim\Verbatim.csproj", "{C1BF99F8-9545-4C56-9409-FA0115FA4673}"
EndProject
Project("{FAE04EC0-301F-11D3-BF4B-00C04F79EFBC}") = "DynInit", "DynInit\DynInit.csproj", "{341AFCD3-5CE1-4471-A5E1-9086D514C764}"
EndProject
Project("{FAE04EC0-301F-11D3-BF4B-00C04F79EFBC}") = "ImpTypedVar", "ImpTypedVar\ImpTypedVar.csproj", "{32DC21A8-D3C3-4315-B602-580592C34836}"
EndProject
Project("{FAE04EC0-301F-11D3-BF4B-00C04F79EFBC}") = "ScopeDemo", "ScopeDemo\ScopeDemo.csproj", "{0B993A92-06FF-4C1D-A5D9-89B1604EEDE5}"
EndProject
Project("{FAE04EC0-301F-11D3-BF4B-00C04F79EFBC}") = "VarInitDemo", "VarInitDemo\VarInitDemo.csproj", "{252C7483-53D8-4B9E-96D6-D2255DC90902}"
EndProject
Project("{FAE04EC0-301F-11D3-BF4B-00C04F79EFBC}") = "NestVar", "NestVar\NestVar.csproj", "{2D796C2B-F4F0-41EE-86D9-77ADF9E5EB10}"
EndProject
Project("{FAE04EC0-301F-11D3-BF4B-00C04F79EFBC}") = "ModDemo", "ModDemo\ModDemo.csproj", "{5AD4093B-B43F-4FB7-8D9B-42731E883D16}"
EndProject
Project("{FAE04EC0-301F-11D3-BF4B-00C04F79EFBC}") = "RelLogOps", "RelLogOps\RelLogOps.csproj", "{9787E051-AD7C-41E1-8B07-F5E7A1073F57}"
EndProject
Project("{FAE04EC0-301F-11D3-BF4B-00C04F79EFBC}") = "SCops", "SCops\SCops.csproj", "{6E70ABC4-9740-4CB8-81AB-B1A94CBA08B0}"
EndProject
Project("{FAE04EC0-301F-11D3-BF4B-00C04F79EFBC}") = "LogicalOpTable", "LogicalOpTable\LogicalOpTable.csproj", "{D4994A0B-B4ED-4036-8CE2-8F5983D27347}"
EndProject
Project("{FAE04EC0-301F-11D3-BF4B-00C04F79EFBC}") = "SideEffects", "SideEffects\SideEffects.csproj", "{BD51231C-DCA5-4FFB-8592-F8CCC2BC5A40}"
EndProject
Project("{FAE04EC0-301F-11D3-BF4B-00C04F79EFBC}") = "LtoD", "LtoD\LtoD.csproj", "{31C75A54-7237-4727-A7F0-CF6B0A9A8223}"
EndProject
Project("{FAE04EC0-301F-11D3-BF4B-00C04F79EFBC}") = "DtoL", "DtoL\DtoL.csproj", "{44674462-22AA-47F1-9B71-D190CD647C70}"
EndProject
Project("{FAE04EC0-301F-11D3-BF4B-00C04F79EFBC}") = "CastDemo", "CastDemo\CastDemo.csproj", "{EE27A2EE-1476-4A3C-B16A-EC4AD4063678}"
EndProject
Project("{FAE04EC0-301F-11D3-BF4B-00C04F79EFBC}") = "PromDemo", "PromDemo\PromDemo.csproj", "{A6F464A2-A380-4C0C-AACD-777B0792F509}"
EndProject
Project("{FAE04EC0-301F-11D3-BF4B-00C04F79EFBC}") = "UseCast", "UseCast\UseCast.csproj", "{C4B0F5A3-EFEB-416A-83A1-D7397E40196B}"
EndProject
Project("{FAE04EC0-301F-11D3-BF4B-00C04F79EFBC}") = "RegPay", "RegPay\RegPay.csproj", "{F0E885EF-8137-4D91-9A10-484AA6375CC2}"
EndProject
Project("{FAE04EC0-301F-11D3-BF4B-00C04F79EFBC}") = "Check_2_11", "Check_2_11\Check_2_11.csproj", "{2E97E064-36BF-4D79-A89A-BE0A58D996AC}"
EndProject
Project("{FAE04EC0-301F-11D3-BF4B-00C04F79EFBC}") = "Check_2_12", "Check_2_12\Check_2_12.csproj", "{AEF56B60-EA13-455D-91B5-AE35AF48E4CE}"
EndProject
Global
	GlobalSection(SolutionConfigurationPlatforms) = preSolution
		Debug|Any CPU = Debug|Any CPU
		Release|Any CPU = Release|Any CPU
	EndGlobalSection
	GlobalSection(ProjectConfigurationPlatforms) = postSolution
		{DCB61F5A-CD67-4CE2-9C2B-5690DAF69B34}.Debug|Any CPU.ActiveCfg = Debug|Any CPU
		{DCB61F5A-CD67-4CE2-9C2B-5690DAF69B34}.Debug|Any CPU.Build.0 = Debug|Any CPU
		{DCB61F5A-CD67-4CE2-9C2B-5690DAF69B34}.Release|Any CPU.ActiveCfg = Release|Any CPU
		{DCB61F5A-CD67-4CE2-9C2B-5690DAF69B34}.Release|Any CPU.Build.0 = Release|Any CPU
		{E631F431-5BF2-47DC-A10B-DB6D81A3FB11}.Debug|Any CPU.ActiveCfg = Debug|Any CPU
		{E631F431-5BF2-47DC-A10B-DB6D81A3FB11}.Debug|Any CPU.Build.0 = Debug|Any CPU
		{E631F431-5BF2-47DC-A10B-DB6D81A3FB11}.Release|Any CPU.ActiveCfg = Release|Any CPU
		{E631F431-5BF2-47DC-A10B-DB6D81A3FB11}.Release|Any CPU.Build.0 = Release|Any CPU
		{4DD27154-8A51-4DCE-ABBD-50C89ACABE88}.Debug|Any CPU.ActiveCfg = Debug|Any CPU
		{4DD27154-8A51-4DCE-ABBD-50C89ACABE88}.Debug|Any CPU.Build.0 = Debug|Any CPU
		{4DD27154-8A51-4DCE-ABBD-50C89ACABE88}.Release|Any CPU.ActiveCfg = Release|Any CPU
		{4DD27154-8A51-4DCE-ABBD-50C89ACABE88}.Release|Any CPU.Build.0 = Release|Any CPU
		{7A7E94EC-5F01-4CDC-8D7D-33D5A428493A}.Debug|Any CPU.ActiveCfg = Debug|Any CPU
		{7A7E94EC-5F01-4CDC-8D7D-33D5A428493A}.Debug|Any CPU.Build.0 = Debug|Any CPU
		{7A7E94EC-5F01-4CDC-8D7D-33D5A428493A}.Release|Any CPU.ActiveCfg = Release|Any CPU
		{7A7E94EC-5F01-4CDC-8D7D-33D5A428493A}.Release|Any CPU.Build.0 = Release|Any CPU
		{F2F593BA-AE20-463D-A997-FB793ECAF1FB}.Debug|Any CPU.ActiveCfg = Debug|Any CPU
		{F2F593BA-AE20-463D-A997-FB793ECAF1FB}.Debug|Any CPU.Build.0 = Debug|Any CPU
		{F2F593BA-AE20-463D-A997-FB793ECAF1FB}.Release|Any CPU.ActiveCfg = Release|Any CPU
		{F2F593BA-AE20-463D-A997-FB793ECAF1FB}.Release|Any CPU.Build.0 = Release|Any CPU
		{A3982FF6-A3C9-4220-8DA4-E807E59F73C9}.Debug|Any CPU.ActiveCfg = Debug|Any CPU
		{A3982FF6-A3C9-4220-8DA4-E807E59F73C9}.Debug|Any CPU.Build.0 = Debug|Any CPU
		{A3982FF6-A3C9-4220-8DA4-E807E59F73C9}.Release|Any CPU.ActiveCfg = Release|Any CPU
		{A3982FF6-A3C9-4220-8DA4-E807E59F73C9}.Release|Any CPU.Build.0 = Release|Any CPU
		{8538590C-0315-4ACF-8A50-02FF1A502CF6}.Debug|Any CPU.ActiveCfg = Debug|Any CPU
		{8538590C-0315-4ACF-8A50-02FF1A502CF6}.Debug|Any CPU.Build.0 = Debug|Any CPU
		{8538590C-0315-4ACF-8A50-02FF1A502CF6}.Release|Any CPU.ActiveCfg = Release|Any CPU
		{8538590C-0315-4ACF-8A50-02FF1A502CF6}.Release|Any CPU.Build.0 = Release|Any CPU
		{C1BF99F8-9545-4C56-9409-FA0115FA4673}.Debug|Any CPU.ActiveCfg = Debug|Any CPU
		{C1BF99F8-9545-4C56-9409-FA0115FA4673}.Debug|Any CPU.Build.0 = Debug|Any CPU
		{C1BF99F8-9545-4C56-9409-FA0115FA4673}.Release|Any CPU.ActiveCfg = Release|Any CPU
		{C1BF99F8-9545-4C56-9409-FA0115FA4673}.Release|Any CPU.Build.0 = Release|Any CPU
		{341AFCD3-5CE1-4471-A5E1-9086D514C764}.Debug|Any CPU.ActiveCfg = Debug|Any CPU
		{341AFCD3-5CE1-4471-A5E1-9086D514C764}.Debug|Any CPU.Build.0 = Debug|Any CPU
		{341AFCD3-5CE1-4471-A5E1-9086D514C764}.Release|Any CPU.ActiveCfg = Release|Any CPU
		{341AFCD3-5CE1-4471-A5E1-9086D514C764}.Release|Any CPU.Build.0 = Release|Any CPU
		{32DC21A8-D3C3-4315-B602-580592C34836}.Debug|Any CPU.ActiveCfg = Debug|Any CPU
		{32DC21A8-D3C3-4315-B602-580592C34836}.Debug|Any CPU.Build.0 = Debug|Any CPU
		{32DC21A8-D3C3-4315-B602-580592C34836}.Release|Any CPU.ActiveCfg = Release|Any CPU
		{32DC21A8-D3C3-4315-B602-580592C34836}.Release|Any CPU.Build.0 = Release|Any CPU
		{0B993A92-06FF-4C1D-A5D9-89B1604EEDE5}.Debug|Any CPU.ActiveCfg = Debug|Any CPU
		{0B993A92-06FF-4C1D-A5D9-89B1604EEDE5}.Debug|Any CPU.Build.0 = Debug|Any CPU
		{0B993A92-06FF-4C1D-A5D9-89B1604EEDE5}.Release|Any CPU.ActiveCfg = Release|Any CPU
		{0B993A92-06FF-4C1D-A5D9-89B1604EEDE5}.Release|Any CPU.Build.0 = Release|Any CPU
		{252C7483-53D8-4B9E-96D6-D2255DC90902}.Debug|Any CPU.ActiveCfg = Debug|Any CPU
		{252C7483-53D8-4B9E-96D6-D2255DC90902}.Debug|Any CPU.Build.0 = Debug|Any CPU
		{252C7483-53D8-4B9E-96D6-D2255DC90902}.Release|Any CPU.ActiveCfg = Release|Any CPU
		{252C7483-53D8-4B9E-96D6-D2255DC90902}.Release|Any CPU.Build.0 = Release|Any CPU
		{2D796C2B-F4F0-41EE-86D9-77ADF9E5EB10}.Debug|Any CPU.ActiveCfg = Debug|Any CPU
		{2D796C2B-F4F0-41EE-86D9-77ADF9E5EB10}.Debug|Any CPU.Build.0 = Debug|Any CPU
		{2D796C2B-F4F0-41EE-86D9-77ADF9E5EB10}.Release|Any CPU.ActiveCfg = Release|Any CPU
		{2D796C2B-F4F0-41EE-86D9-77ADF9E5EB10}.Release|Any CPU.Build.0 = Release|Any CPU
		{5AD4093B-B43F-4FB7-8D9B-42731E883D16}.Debug|Any CPU.ActiveCfg = Debug|Any CPU
		{5AD4093B-B43F-4FB7-8D9B-42731E883D16}.Debug|Any CPU.Build.0 = Debug|Any CPU
		{5AD4093B-B43F-4FB7-8D9B-42731E883D16}.Release|Any CPU.ActiveCfg = Release|Any CPU
		{5AD4093B-B43F-4FB7-8D9B-42731E883D16}.Release|Any CPU.Build.0 = Release|Any CPU
		{9787E051-AD7C-41E1-8B07-F5E7A1073F57}.Debug|Any CPU.ActiveCfg = Debug|Any CPU
		{9787E051-AD7C-41E1-8B07-F5E7A1073F57}.Debug|Any CPU.Build.0 = Debug|Any CPU
		{9787E051-AD7C-41E1-8B07-F5E7A1073F57}.Release|Any CPU.ActiveCfg = Release|Any CPU
		{9787E051-AD7C-41E1-8B07-F5E7A1073F57}.Release|Any CPU.Build.0 = Release|Any CPU
		{6E70ABC4-9740-4CB8-81AB-B1A94CBA08B0}.Debug|Any CPU.ActiveCfg = Debug|Any CPU
		{6E70ABC4-9740-4CB8-81AB-B1A94CBA08B0}.Debug|Any CPU.Build.0 = Debug|Any CPU
		{6E70ABC4-9740-4CB8-81AB-B1A94CBA08B0}.Release|Any CPU.ActiveCfg = Release|Any CPU
		{6E70ABC4-9740-4CB8-81AB-B1A94CBA08B0}.Release|Any CPU.Build.0 = Release|Any CPU
		{D4994A0B-B4ED-4036-8CE2-8F5983D27347}.Debug|Any CPU.ActiveCfg = Debug|Any CPU
		{D4994A0B-B4ED-4036-8CE2-8F5983D27347}.Debug|Any CPU.Build.0 = Debug|Any CPU
		{D4994A0B-B4ED-4036-8CE2-8F5983D27347}.Release|Any CPU.ActiveCfg = Release|Any CPU
		{D4994A0B-B4ED-4036-8CE2-8F5983D27347}.Release|Any CPU.Build.0 = Release|Any CPU
		{BD51231C-DCA5-4FFB-8592-F8CCC2BC5A40}.Debug|Any CPU.ActiveCfg = Debug|Any CPU
		{BD51231C-DCA5-4FFB-8592-F8CCC2BC5A40}.Debug|Any CPU.Build.0 = Debug|Any CPU
		{BD51231C-DCA5-4FFB-8592-F8CCC2BC5A40}.Release|Any CPU.ActiveCfg = Release|Any CPU
		{BD51231C-DCA5-4FFB-8592-F8CCC2BC5A40}.Release|Any CPU.Build.0 = Release|Any CPU
		{31C75A54-7237-4727-A7F0-CF6B0A9A8223}.Debug|Any CPU.ActiveCfg = Debug|Any CPU
		{31C75A54-7237-4727-A7F0-CF6B0A9A8223}.Debug|Any CPU.Build.0 = Debug|Any CPU
		{31C75A54-7237-4727-A7F0-CF6B0A9A8223}.Release|Any CPU.ActiveCfg = Release|Any CPU
		{31C75A54-7237-4727-A7F0-CF6B0A9A8223}.Release|Any CPU.Build.0 = Release|Any CPU
		{44674462-22AA-47F1-9B71-D190CD647C70}.Debug|Any CPU.ActiveCfg = Debug|Any CPU
		{44674462-22AA-47F1-9B71-D190CD647C70}.Debug|Any CPU.Build.0 = Debug|Any CPU
		{44674462-22AA-47F1-9B71-D190CD647C70}.Release|Any CPU.ActiveCfg = Release|Any CPU
		{44674462-22AA-47F1-9B71-D190CD647C70}.Release|Any CPU.Build.0 = Release|Any CPU
		{EE27A2EE-1476-4A3C-B16A-EC4AD4063678}.Debug|Any CPU.ActiveCfg = Debug|Any CPU
		{EE27A2EE-1476-4A3C-B16A-EC4AD4063678}.Debug|Any CPU.Build.0 = Debug|Any CPU
		{EE27A2EE-1476-4A3C-B16A-EC4AD4063678}.Release|Any CPU.ActiveCfg = Release|Any CPU
		{EE27A2EE-1476-4A3C-B16A-EC4AD4063678}.Release|Any CPU.Build.0 = Release|Any CPU
		{A6F464A2-A380-4C0C-AACD-777B0792F509}.Debug|Any CPU.ActiveCfg = Debug|Any CPU
		{A6F464A2-A380-4C0C-AACD-777B0792F509}.Debug|Any CPU.Build.0 = Debug|Any CPU
		{A6F464A2-A380-4C0C-AACD-777B0792F509}.Release|Any CPU.ActiveCfg = Release|Any CPU
		{A6F464A2-A380-4C0C-AACD-777B0792F509}.Release|Any CPU.Build.0 = Release|Any CPU
		{C4B0F5A3-EFEB-416A-83A1-D7397E40196B}.Debug|Any CPU.ActiveCfg = Debug|Any CPU
		{C4B0F5A3-EFEB-416A-83A1-D7397E40196B}.Debug|Any CPU.Build.0 = Debug|Any CPU
		{C4B0F5A3-EFEB-416A-83A1-D7397E40196B}.Release|Any CPU.ActiveCfg = Release|Any CPU
		{C4B0F5A3-EFEB-416A-83A1-D7397E40196B}.Release|Any CPU.Build.0 = Release|Any CPU
		{F0E885EF-8137-4D91-9A10-484AA6375CC2}.Debug|Any CPU.ActiveCfg = Debug|Any CPU
		{F0E885EF-8137-4D91-9A10-484AA6375CC2}.Debug|Any CPU.Build.0 = Debug|Any CPU
		{F0E885EF-8137-4D91-9A10-484AA6375CC2}.Release|Any CPU.ActiveCfg = Release|Any CPU
		{F0E885EF-8137-4D91-9A10-484AA6375CC2}.Release|Any CPU.Build.0 = Release|Any CPU
		{2E97E064-36BF-4D79-A89A-BE0A58D996AC}.Debug|Any CPU.ActiveCfg = Debug|Any CPU
		{2E97E064-36BF-4D79-A89A-BE0A58D996AC}.Debug|Any CPU.Build.0 = Debug|Any CPU
		{2E97E064-36BF-4D79-A89A-BE0A58D996AC}.Release|Any CPU.ActiveCfg = Release|Any CPU
		{2E97E064-36BF-4D79-A89A-BE0A58D996AC}.Release|Any CPU.Build.0 = Release|Any CPU
		{AEF56B60-EA13-455D-91B5-AE35AF48E4CE}.Debug|Any CPU.ActiveCfg = Debug|Any CPU
		{AEF56B60-EA13-455D-91B5-AE35AF48E4CE}.Debug|Any CPU.Build.0 = Debug|Any CPU
		{AEF56B60-EA13-455D-91B5-AE35AF48E4CE}.Release|Any CPU.ActiveCfg = Release|Any CPU
		{AEF56B60-EA13-455D-91B5-AE35AF48E4CE}.Release|Any CPU.Build.0 = Release|Any CPU
	EndGlobalSection
	GlobalSection(SolutionProperties) = preSolution
		HideSolutionNode = FALSE
	EndGlobalSection
EndGlobal
