
Microsoft Visual Studio Solution File, Format Version 12.00
# Visual Studio 2013
VisualStudioVersion = 12.0.31101.0
MinimumVisualStudioVersion = 10.0.40219.1
Project("{FAE04EC0-301F-11D3-BF4B-00C04F79EFBC}") = "KbIn", "KbIn\KbIn.csproj", "{A74D1B90-3A20-4D83-A433-76CACF78C286}"
EndProject
Project("{FAE04EC0-301F-11D3-BF4B-00C04F79EFBC}") = "Guess", "Guess\Guess.csproj", "{AE04AACD-ABEF-46C8-8A78-A263660977E0}"
EndProject
Project("{FAE04EC0-301F-11D3-BF4B-00C04F79EFBC}") = "Guess2", "Guess2\Guess2.csproj", "{923F7750-D898-49E9-859B-07081CBD12DA}"
EndProject
Project("{FAE04EC0-301F-11D3-BF4B-00C04F79EFBC}") = "Guess3", "Guess3\Guess3.csproj", "{67BC9880-37C6-436F-BCF6-B6B333D3291D}"
EndProject
Project("{FAE04EC0-301F-11D3-BF4B-00C04F79EFBC}") = "Ladder", "Ladder\Ladder.csproj", "{59AC913D-1BA6-40B9-B386-C22293AFBB55}"
EndProject
Project("{FAE04EC0-301F-11D3-BF4B-00C04F79EFBC}") = "SwitchDemo", "SwitchDemo\SwitchDemo.csproj", "{C7A932F3-6B04-4C42-8D33-5BB86E97CC66}"
EndProject
Project("{FAE04EC0-301F-11D3-BF4B-00C04F79EFBC}") = "SwitchDemo2", "SwitchDemo2\SwitchDemo2.csproj", "{04DFFF5F-D359-49AB-9631-990D216FB8E9}"
EndProject
Project("{FAE04EC0-301F-11D3-BF4B-00C04F79EFBC}") = "VowelsAndConsonants", "VowelsAndConsonants\VowelsAndConsonants.csproj", "{0B002F10-673A-408B-AE26-FCCCA5C86B08}"
EndProject
Project("{FAE04EC0-301F-11D3-BF4B-00C04F79EFBC}") = "Help", "Help\Help.csproj", "{544B2DA6-F82C-4543-B358-E7F396F54C77}"
EndProject
Project("{FAE04EC0-301F-11D3-BF4B-00C04F79EFBC}") = "SqrRoot", "SqrRoot\SqrRoot.csproj", "{C7DAF622-A71C-4C09-9531-658396213C93}"
EndProject
Project("{FAE04EC0-301F-11D3-BF4B-00C04F79EFBC}") = "Comma", "Comma\Comma.csproj", "{68CA6484-F2A5-43B9-8514-A886353DA673}"
EndProject
Project("{FAE04EC0-301F-11D3-BF4B-00C04F79EFBC}") = "ForTest", "ForTest\ForTest.csproj", "{76E989E3-F604-40C1-9E93-8B867DCDDDCA}"
EndProject
Project("{FAE04EC0-301F-11D3-BF4B-00C04F79EFBC}") = "Empty", "Empty\Empty.csproj", "{FDBD2A94-FA0D-43B5-93B2-FE29E50E1491}"
EndProject
Project("{FAE04EC0-301F-11D3-BF4B-00C04F79EFBC}") = "Empty2", "Empty2\Empty2.csproj", "{15463C15-9F2B-414C-96B4-1D63D03D0C64}"
EndProject
Project("{FAE04EC0-301F-11D3-BF4B-00C04F79EFBC}") = "Empty3", "Empty3\Empty3.csproj", "{D7BAF466-D025-44DB-A18D-396B7C3BF0C7}"
EndProject
Project("{FAE04EC0-301F-11D3-BF4B-00C04F79EFBC}") = "ForVar", "ForVar\ForVar.csproj", "{DFF3700C-9824-479A-AF3B-DC33600943E9}"
EndProject
Project("{FAE04EC0-301F-11D3-BF4B-00C04F79EFBC}") = "WhileDemo", "WhileDemo\WhileDemo.csproj", "{48261723-6958-4C20-8E88-62CA9907633B}"
EndProject
Project("{FAE04EC0-301F-11D3-BF4B-00C04F79EFBC}") = "Power", "Power\Power.csproj", "{1D20C6B9-7BA7-448A-B045-55CE7F719E05}"
EndProject
Project("{FAE04EC0-301F-11D3-BF4B-00C04F79EFBC}") = "DWDemo", "DWDemo\DWDemo.csproj", "{057D1AAF-537C-4E94-8C7C-1B3CCCFB60B6}"
EndProject
Project("{FAE04EC0-301F-11D3-BF4B-00C04F79EFBC}") = "Guess4", "Guess4\Guess4.csproj", "{749FF64F-7068-493F-9C94-230FD3658CE0}"
EndProject
Project("{FAE04EC0-301F-11D3-BF4B-00C04F79EFBC}") = "Help2", "Help2\Help2.csproj", "{D538C508-A70C-4B69-A47E-DFB09CF121BF}"
EndProject
Project("{FAE04EC0-301F-11D3-BF4B-00C04F79EFBC}") = "BreakDemo", "BreakDemo\BreakDemo.csproj", "{2E4958E4-15AE-4608-B519-0B7EAD37A8C9}"
EndProject
Project("{FAE04EC0-301F-11D3-BF4B-00C04F79EFBC}") = "Break2", "Break2\Break2.csproj", "{D036E9A1-223E-4E4A-B85E-7B9D88F23FA8}"
EndProject
Project("{FAE04EC0-301F-11D3-BF4B-00C04F79EFBC}") = "Break3", "Break3\Break3.csproj", "{49DFF24B-019B-41CE-956E-D68FE9935798}"
EndProject
Project("{FAE04EC0-301F-11D3-BF4B-00C04F79EFBC}") = "ContDemo", "ContDemo\ContDemo.csproj", "{E0ED67B0-8607-4AAC-B60A-59B3F7C7CACE}"
EndProject
Project("{FAE04EC0-301F-11D3-BF4B-00C04F79EFBC}") = "Use_goto", "Use_goto\Use_goto.csproj", "{97EBF796-6D60-4731-827A-C5C5604E02D9}"
EndProject
Project("{FAE04EC0-301F-11D3-BF4B-00C04F79EFBC}") = "Help3", "Help3\Help3.csproj", "{B88459CA-63C5-4941-A41B-735765A95946}"
EndProject
Project("{FAE04EC0-301F-11D3-BF4B-00C04F79EFBC}") = "FindFac", "FindFac\FindFac.csproj", "{2E8B62DE-71E9-48F2-A84D-42424E99D162}"
EndProject
Project("{FAE04EC0-301F-11D3-BF4B-00C04F79EFBC}") = "Check_3_1", "Check_3_1\Check_3_1.csproj", "{ACAEC6D7-45CD-41DE-B8AB-572FABC18D8C}"
EndProject
Project("{FAE04EC0-301F-11D3-BF4B-00C04F79EFBC}") = "Check_3_5", "Check_3_5\Check_3_5.csproj", "{227982BB-DF7E-4962-B813-C1F2A21509A1}"
EndProject
Project("{FAE04EC0-301F-11D3-BF4B-00C04F79EFBC}") = "Check_3_10", "Check_3_10\Check_3_10.csproj", "{62DD00ED-6B06-4211-9BC6-B327701BF22A}"
EndProject
Global
	GlobalSection(SolutionConfigurationPlatforms) = preSolution
		Debug|Any CPU = Debug|Any CPU
		Release|Any CPU = Release|Any CPU
	EndGlobalSection
	GlobalSection(ProjectConfigurationPlatforms) = postSolution
		{A74D1B90-3A20-4D83-A433-76CACF78C286}.Debug|Any CPU.ActiveCfg = Debug|Any CPU
		{A74D1B90-3A20-4D83-A433-76CACF78C286}.Debug|Any CPU.Build.0 = Debug|Any CPU
		{A74D1B90-3A20-4D83-A433-76CACF78C286}.Release|Any CPU.ActiveCfg = Release|Any CPU
		{A74D1B90-3A20-4D83-A433-76CACF78C286}.Release|Any CPU.Build.0 = Release|Any CPU
		{AE04AACD-ABEF-46C8-8A78-A263660977E0}.Debug|Any CPU.ActiveCfg = Debug|Any CPU
		{AE04AACD-ABEF-46C8-8A78-A263660977E0}.Debug|Any CPU.Build.0 = Debug|Any CPU
		{AE04AACD-ABEF-46C8-8A78-A263660977E0}.Release|Any CPU.ActiveCfg = Release|Any CPU
		{AE04AACD-ABEF-46C8-8A78-A263660977E0}.Release|Any CPU.Build.0 = Release|Any CPU
		{923F7750-D898-49E9-859B-07081CBD12DA}.Debug|Any CPU.ActiveCfg = Debug|Any CPU
		{923F7750-D898-49E9-859B-07081CBD12DA}.Debug|Any CPU.Build.0 = Debug|Any CPU
		{923F7750-D898-49E9-859B-07081CBD12DA}.Release|Any CPU.ActiveCfg = Release|Any CPU
		{923F7750-D898-49E9-859B-07081CBD12DA}.Release|Any CPU.Build.0 = Release|Any CPU
		{67BC9880-37C6-436F-BCF6-B6B333D3291D}.Debug|Any CPU.ActiveCfg = Debug|Any CPU
		{67BC9880-37C6-436F-BCF6-B6B333D3291D}.Debug|Any CPU.Build.0 = Debug|Any CPU
		{67BC9880-37C6-436F-BCF6-B6B333D3291D}.Release|Any CPU.ActiveCfg = Release|Any CPU
		{67BC9880-37C6-436F-BCF6-B6B333D3291D}.Release|Any CPU.Build.0 = Release|Any CPU
		{59AC913D-1BA6-40B9-B386-C22293AFBB55}.Debug|Any CPU.ActiveCfg = Debug|Any CPU
		{59AC913D-1BA6-40B9-B386-C22293AFBB55}.Debug|Any CPU.Build.0 = Debug|Any CPU
		{59AC913D-1BA6-40B9-B386-C22293AFBB55}.Release|Any CPU.ActiveCfg = Release|Any CPU
		{59AC913D-1BA6-40B9-B386-C22293AFBB55}.Release|Any CPU.Build.0 = Release|Any CPU
		{C7A932F3-6B04-4C42-8D33-5BB86E97CC66}.Debug|Any CPU.ActiveCfg = Debug|Any CPU
		{C7A932F3-6B04-4C42-8D33-5BB86E97CC66}.Debug|Any CPU.Build.0 = Debug|Any CPU
		{C7A932F3-6B04-4C42-8D33-5BB86E97CC66}.Release|Any CPU.ActiveCfg = Release|Any CPU
		{C7A932F3-6B04-4C42-8D33-5BB86E97CC66}.Release|Any CPU.Build.0 = Release|Any CPU
		{04DFFF5F-D359-49AB-9631-990D216FB8E9}.Debug|Any CPU.ActiveCfg = Debug|Any CPU
		{04DFFF5F-D359-49AB-9631-990D216FB8E9}.Debug|Any CPU.Build.0 = Debug|Any CPU
		{04DFFF5F-D359-49AB-9631-990D216FB8E9}.Release|Any CPU.ActiveCfg = Release|Any CPU
		{04DFFF5F-D359-49AB-9631-990D216FB8E9}.Release|Any CPU.Build.0 = Release|Any CPU
		{0B002F10-673A-408B-AE26-FCCCA5C86B08}.Debug|Any CPU.ActiveCfg = Debug|Any CPU
		{0B002F10-673A-408B-AE26-FCCCA5C86B08}.Debug|Any CPU.Build.0 = Debug|Any CPU
		{0B002F10-673A-408B-AE26-FCCCA5C86B08}.Release|Any CPU.ActiveCfg = Release|Any CPU
		{0B002F10-673A-408B-AE26-FCCCA5C86B08}.Release|Any CPU.Build.0 = Release|Any CPU
		{544B2DA6-F82C-4543-B358-E7F396F54C77}.Debug|Any CPU.ActiveCfg = Debug|Any CPU
		{544B2DA6-F82C-4543-B358-E7F396F54C77}.Debug|Any CPU.Build.0 = Debug|Any CPU
		{544B2DA6-F82C-4543-B358-E7F396F54C77}.Release|Any CPU.ActiveCfg = Release|Any CPU
		{544B2DA6-F82C-4543-B358-E7F396F54C77}.Release|Any CPU.Build.0 = Release|Any CPU
		{C7DAF622-A71C-4C09-9531-658396213C93}.Debug|Any CPU.ActiveCfg = Debug|Any CPU
		{C7DAF622-A71C-4C09-9531-658396213C93}.Debug|Any CPU.Build.0 = Debug|Any CPU
		{C7DAF622-A71C-4C09-9531-658396213C93}.Release|Any CPU.ActiveCfg = Release|Any CPU
		{C7DAF622-A71C-4C09-9531-658396213C93}.Release|Any CPU.Build.0 = Release|Any CPU
		{68CA6484-F2A5-43B9-8514-A886353DA673}.Debug|Any CPU.ActiveCfg = Debug|Any CPU
		{68CA6484-F2A5-43B9-8514-A886353DA673}.Debug|Any CPU.Build.0 = Debug|Any CPU
		{68CA6484-F2A5-43B9-8514-A886353DA673}.Release|Any CPU.ActiveCfg = Release|Any CPU
		{68CA6484-F2A5-43B9-8514-A886353DA673}.Release|Any CPU.Build.0 = Release|Any CPU
		{76E989E3-F604-40C1-9E93-8B867DCDDDCA}.Debug|Any CPU.ActiveCfg = Debug|Any CPU
		{76E989E3-F604-40C1-9E93-8B867DCDDDCA}.Debug|Any CPU.Build.0 = Debug|Any CPU
		{76E989E3-F604-40C1-9E93-8B867DCDDDCA}.Release|Any CPU.ActiveCfg = Release|Any CPU
		{76E989E3-F604-40C1-9E93-8B867DCDDDCA}.Release|Any CPU.Build.0 = Release|Any CPU
		{FDBD2A94-FA0D-43B5-93B2-FE29E50E1491}.Debug|Any CPU.ActiveCfg = Debug|Any CPU
		{FDBD2A94-FA0D-43B5-93B2-FE29E50E1491}.Debug|Any CPU.Build.0 = Debug|Any CPU
		{FDBD2A94-FA0D-43B5-93B2-FE29E50E1491}.Release|Any CPU.ActiveCfg = Release|Any CPU
		{FDBD2A94-FA0D-43B5-93B2-FE29E50E1491}.Release|Any CPU.Build.0 = Release|Any CPU
		{15463C15-9F2B-414C-96B4-1D63D03D0C64}.Debug|Any CPU.ActiveCfg = Debug|Any CPU
		{15463C15-9F2B-414C-96B4-1D63D03D0C64}.Debug|Any CPU.Build.0 = Debug|Any CPU
		{15463C15-9F2B-414C-96B4-1D63D03D0C64}.Release|Any CPU.ActiveCfg = Release|Any CPU
		{15463C15-9F2B-414C-96B4-1D63D03D0C64}.Release|Any CPU.Build.0 = Release|Any CPU
		{D7BAF466-D025-44DB-A18D-396B7C3BF0C7}.Debug|Any CPU.ActiveCfg = Debug|Any CPU
		{D7BAF466-D025-44DB-A18D-396B7C3BF0C7}.Debug|Any CPU.Build.0 = Debug|Any CPU
		{D7BAF466-D025-44DB-A18D-396B7C3BF0C7}.Release|Any CPU.ActiveCfg = Release|Any CPU
		{D7BAF466-D025-44DB-A18D-396B7C3BF0C7}.Release|Any CPU.Build.0 = Release|Any CPU
		{DFF3700C-9824-479A-AF3B-DC33600943E9}.Debug|Any CPU.ActiveCfg = Debug|Any CPU
		{DFF3700C-9824-479A-AF3B-DC33600943E9}.Debug|Any CPU.Build.0 = Debug|Any CPU
		{DFF3700C-9824-479A-AF3B-DC33600943E9}.Release|Any CPU.ActiveCfg = Release|Any CPU
		{DFF3700C-9824-479A-AF3B-DC33600943E9}.Release|Any CPU.Build.0 = Release|Any CPU
		{48261723-6958-4C20-8E88-62CA9907633B}.Debug|Any CPU.ActiveCfg = Debug|Any CPU
		{48261723-6958-4C20-8E88-62CA9907633B}.Debug|Any CPU.Build.0 = Debug|Any CPU
		{48261723-6958-4C20-8E88-62CA9907633B}.Release|Any CPU.ActiveCfg = Release|Any CPU
		{48261723-6958-4C20-8E88-62CA9907633B}.Release|Any CPU.Build.0 = Release|Any CPU
		{1D20C6B9-7BA7-448A-B045-55CE7F719E05}.Debug|Any CPU.ActiveCfg = Debug|Any CPU
		{1D20C6B9-7BA7-448A-B045-55CE7F719E05}.Debug|Any CPU.Build.0 = Debug|Any CPU
		{1D20C6B9-7BA7-448A-B045-55CE7F719E05}.Release|Any CPU.ActiveCfg = Release|Any CPU
		{1D20C6B9-7BA7-448A-B045-55CE7F719E05}.Release|Any CPU.Build.0 = Release|Any CPU
		{057D1AAF-537C-4E94-8C7C-1B3CCCFB60B6}.Debug|Any CPU.ActiveCfg = Debug|Any CPU
		{057D1AAF-537C-4E94-8C7C-1B3CCCFB60B6}.Debug|Any CPU.Build.0 = Debug|Any CPU
		{057D1AAF-537C-4E94-8C7C-1B3CCCFB60B6}.Release|Any CPU.ActiveCfg = Release|Any CPU
		{057D1AAF-537C-4E94-8C7C-1B3CCCFB60B6}.Release|Any CPU.Build.0 = Release|Any CPU
		{749FF64F-7068-493F-9C94-230FD3658CE0}.Debug|Any CPU.ActiveCfg = Debug|Any CPU
		{749FF64F-7068-493F-9C94-230FD3658CE0}.Debug|Any CPU.Build.0 = Debug|Any CPU
		{749FF64F-7068-493F-9C94-230FD3658CE0}.Release|Any CPU.ActiveCfg = Release|Any CPU
		{749FF64F-7068-493F-9C94-230FD3658CE0}.Release|Any CPU.Build.0 = Release|Any CPU
		{D538C508-A70C-4B69-A47E-DFB09CF121BF}.Debug|Any CPU.ActiveCfg = Debug|Any CPU
		{D538C508-A70C-4B69-A47E-DFB09CF121BF}.Debug|Any CPU.Build.0 = Debug|Any CPU
		{D538C508-A70C-4B69-A47E-DFB09CF121BF}.Release|Any CPU.ActiveCfg = Release|Any CPU
		{D538C508-A70C-4B69-A47E-DFB09CF121BF}.Release|Any CPU.Build.0 = Release|Any CPU
		{2E4958E4-15AE-4608-B519-0B7EAD37A8C9}.Debug|Any CPU.ActiveCfg = Debug|Any CPU
		{2E4958E4-15AE-4608-B519-0B7EAD37A8C9}.Debug|Any CPU.Build.0 = Debug|Any CPU
		{2E4958E4-15AE-4608-B519-0B7EAD37A8C9}.Release|Any CPU.ActiveCfg = Release|Any CPU
		{2E4958E4-15AE-4608-B519-0B7EAD37A8C9}.Release|Any CPU.Build.0 = Release|Any CPU
		{D036E9A1-223E-4E4A-B85E-7B9D88F23FA8}.Debug|Any CPU.ActiveCfg = Debug|Any CPU
		{D036E9A1-223E-4E4A-B85E-7B9D88F23FA8}.Debug|Any CPU.Build.0 = Debug|Any CPU
		{D036E9A1-223E-4E4A-B85E-7B9D88F23FA8}.Release|Any CPU.ActiveCfg = Release|Any CPU
		{D036E9A1-223E-4E4A-B85E-7B9D88F23FA8}.Release|Any CPU.Build.0 = Release|Any CPU
		{49DFF24B-019B-41CE-956E-D68FE9935798}.Debug|Any CPU.ActiveCfg = Debug|Any CPU
		{49DFF24B-019B-41CE-956E-D68FE9935798}.Debug|Any CPU.Build.0 = Debug|Any CPU
		{49DFF24B-019B-41CE-956E-D68FE9935798}.Release|Any CPU.ActiveCfg = Release|Any CPU
		{49DFF24B-019B-41CE-956E-D68FE9935798}.Release|Any CPU.Build.0 = Release|Any CPU
		{E0ED67B0-8607-4AAC-B60A-59B3F7C7CACE}.Debug|Any CPU.ActiveCfg = Debug|Any CPU
		{E0ED67B0-8607-4AAC-B60A-59B3F7C7CACE}.Debug|Any CPU.Build.0 = Debug|Any CPU
		{E0ED67B0-8607-4AAC-B60A-59B3F7C7CACE}.Release|Any CPU.ActiveCfg = Release|Any CPU
		{E0ED67B0-8607-4AAC-B60A-59B3F7C7CACE}.Release|Any CPU.Build.0 = Release|Any CPU
		{97EBF796-6D60-4731-827A-C5C5604E02D9}.Debug|Any CPU.ActiveCfg = Debug|Any CPU
		{97EBF796-6D60-4731-827A-C5C5604E02D9}.Debug|Any CPU.Build.0 = Debug|Any CPU
		{97EBF796-6D60-4731-827A-C5C5604E02D9}.Release|Any CPU.ActiveCfg = Release|Any CPU
		{97EBF796-6D60-4731-827A-C5C5604E02D9}.Release|Any CPU.Build.0 = Release|Any CPU
		{B88459CA-63C5-4941-A41B-735765A95946}.Debug|Any CPU.ActiveCfg = Debug|Any CPU
		{B88459CA-63C5-4941-A41B-735765A95946}.Debug|Any CPU.Build.0 = Debug|Any CPU
		{B88459CA-63C5-4941-A41B-735765A95946}.Release|Any CPU.ActiveCfg = Release|Any CPU
		{B88459CA-63C5-4941-A41B-735765A95946}.Release|Any CPU.Build.0 = Release|Any CPU
		{2E8B62DE-71E9-48F2-A84D-42424E99D162}.Debug|Any CPU.ActiveCfg = Debug|Any CPU
		{2E8B62DE-71E9-48F2-A84D-42424E99D162}.Debug|Any CPU.Build.0 = Debug|Any CPU
		{2E8B62DE-71E9-48F2-A84D-42424E99D162}.Release|Any CPU.ActiveCfg = Release|Any CPU
		{2E8B62DE-71E9-48F2-A84D-42424E99D162}.Release|Any CPU.Build.0 = Release|Any CPU
		{ACAEC6D7-45CD-41DE-B8AB-572FABC18D8C}.Debug|Any CPU.ActiveCfg = Debug|Any CPU
		{ACAEC6D7-45CD-41DE-B8AB-572FABC18D8C}.Debug|Any CPU.Build.0 = Debug|Any CPU
		{ACAEC6D7-45CD-41DE-B8AB-572FABC18D8C}.Release|Any CPU.ActiveCfg = Release|Any CPU
		{ACAEC6D7-45CD-41DE-B8AB-572FABC18D8C}.Release|Any CPU.Build.0 = Release|Any CPU
		{227982BB-DF7E-4962-B813-C1F2A21509A1}.Debug|Any CPU.ActiveCfg = Debug|Any CPU
		{227982BB-DF7E-4962-B813-C1F2A21509A1}.Debug|Any CPU.Build.0 = Debug|Any CPU
		{227982BB-DF7E-4962-B813-C1F2A21509A1}.Release|Any CPU.ActiveCfg = Release|Any CPU
		{227982BB-DF7E-4962-B813-C1F2A21509A1}.Release|Any CPU.Build.0 = Release|Any CPU
		{62DD00ED-6B06-4211-9BC6-B327701BF22A}.Debug|Any CPU.ActiveCfg = Debug|Any CPU
		{62DD00ED-6B06-4211-9BC6-B327701BF22A}.Debug|Any CPU.Build.0 = Debug|Any CPU
		{62DD00ED-6B06-4211-9BC6-B327701BF22A}.Release|Any CPU.ActiveCfg = Release|Any CPU
		{62DD00ED-6B06-4211-9BC6-B327701BF22A}.Release|Any CPU.Build.0 = Release|Any CPU
	EndGlobalSection
	GlobalSection(SolutionProperties) = preSolution
		HideSolutionNode = FALSE
	EndGlobalSection
EndGlobal
